
Microsoft Visual Studio Solution File, Format Version 12.00
# Visual Studio Version 17
VisualStudioVersion = 17.8.34330.188
MinimumVisualStudioVersion = 10.0.40219.1
Project("{FAE04EC0-301F-11D3-BF4B-00C04F79EFBC}") = "Cars", "Cars\Cars.csproj", "{56FBB846-BA2D-4798-97A6-5444B73014CD}"
EndProject
Global
	GlobalSection(SolutionConfigurationPlatforms) = preSolution
		Debug|Any CPU = Debug|Any CPU
		Release|Any CPU = Release|Any CPU
	EndGlobalSection
	GlobalSection(ProjectConfigurationPlatforms) = postSolution
		{56FBB846-BA2D-4798-97A6-5444B73014CD}.Debug|Any CPU.ActiveCfg = Debug|Any CPU
		{56FBB846-BA2D-4798-97A6-5444B73014CD}.Debug|Any CPU.Build.0 = Debug|Any CPU
		{56FBB846-BA2D-4798-97A6-5444B73014CD}.Release|Any CPU.ActiveCfg = Release|Any CPU
		{56FBB846-BA2D-4798-97A6-5444B73014CD}.Release|Any CPU.Build.0 = Release|Any CPU
	EndGlobalSection
	GlobalSection(SolutionProperties) = preSolution
		HideSolutionNode = FALSE
	EndGlobalSection
	GlobalSection(ExtensibilityGlobals) = postSolution
		SolutionGuid = {945BC50F-4144-4A9C-B0DA-3701FB181599}
	EndGlobalSection
EndGlobal
